
Microsoft Visual Studio Solution File, Format Version 12.00
# Visual Studio Version 17
VisualStudioVersion = 17.0.31612.314
MinimumVisualStudioVersion = 10.0.40219.1
Project("{9A19103F-16F7-4668-BE54-9A1E7A4F7556}") = "Coffee", "Coffee.csproj", "{98062940-CC7D-4E76-A435-44BCE8BBB60B}"
EndProject
Global
	GlobalSection(SolutionConfigurationPlatforms) = preSolution
		Debug|Any CPU = Debug|Any CPU
		Release|Any CPU = Release|Any CPU
	EndGlobalSection
	GlobalSection(ProjectConfigurationPlatforms) = postSolution
		{98062940-CC7D-4E76-A435-44BCE8BBB60B}.Debug|Any CPU.ActiveCfg = Debug|Any CPU
		{98062940-CC7D-4E76-A435-44BCE8BBB60B}.Debug|Any CPU.Build.0 = Debug|Any CPU
		{98062940-CC7D-4E76-A435-44BCE8BBB60B}.Release|Any CPU.ActiveCfg = Release|Any CPU
		{98062940-CC7D-4E76-A435-44BCE8BBB60B}.Release|Any CPU.Build.0 = Release|Any CPU
	EndGlobalSection
	GlobalSection(SolutionProperties) = preSolution
		HideSolutionNode = FALSE
	EndGlobalSection
	GlobalSection(ExtensibilityGlobals) = postSolution
		SolutionGuid = {854B7B0E-7FC8-4843-ABB1-08AABC62022C}
	EndGlobalSection
EndGlobal
